
Microsoft Visual Studio Solution File, Format Version 12.00
# Visual Studio Version 16
VisualStudioVersion = 16.0.30717.126
MinimumVisualStudioVersion = 10.0.40219.1
Project("{FAE04EC0-301F-11D3-BF4B-00C04F79EFBC}") = "FruitFightLauncher", "FruitFightLauncher\FruitFightLauncher.csproj", "{F8630D58-7C6B-4D68-B3D6-07D63BB47670}"
EndProject
Global
	GlobalSection(SolutionConfigurationPlatforms) = preSolution
		Debug|Any CPU = Debug|Any CPU
		Release|Any CPU = Release|Any CPU
	EndGlobalSection
	GlobalSection(ProjectConfigurationPlatforms) = postSolution
		{F8630D58-7C6B-4D68-B3D6-07D63BB47670}.Debug|Any CPU.ActiveCfg = Debug|Any CPU
		{F8630D58-7C6B-4D68-B3D6-07D63BB47670}.Debug|Any CPU.Build.0 = Debug|Any CPU
		{F8630D58-7C6B-4D68-B3D6-07D63BB47670}.Release|Any CPU.ActiveCfg = Release|Any CPU
		{F8630D58-7C6B-4D68-B3D6-07D63BB47670}.Release|Any CPU.Build.0 = Release|Any CPU
	EndGlobalSection
	GlobalSection(SolutionProperties) = preSolution
		HideSolutionNode = FALSE
	EndGlobalSection
	GlobalSection(ExtensibilityGlobals) = postSolution
		SolutionGuid = {6E0B6DCD-C9D9-49B1-A238-D7DF9E80755E}
	EndGlobalSection
EndGlobal
